
Microsoft Visual Studio Solution File, Format Version 12.00
# Visual Studio 2013
VisualStudioVersion = 12.0.21005.1
MinimumVisualStudioVersion = 10.0.40219.1
Project("{FAE04EC0-301F-11D3-BF4B-00C04F79EFBC}") = "KashmirFood.API", "KashmirFood.API\KashmirFood.API.csproj", "{F2191B1F-5E76-4582-A644-FB1A0DF5945E}"
EndProject
Project("{FAE04EC0-301F-11D3-BF4B-00C04F79EFBC}") = "KashmirFood.Web", "KashmirFood.Web\KashmirFood.Web.csproj", "{45B348B7-5EB5-49DF-A768-E1A0E592D62C}"
EndProject
Global
	GlobalSection(SolutionConfigurationPlatforms) = preSolution
		Debug|Any CPU = Debug|Any CPU
		Release|Any CPU = Release|Any CPU
	EndGlobalSection
	GlobalSection(ProjectConfigurationPlatforms) = postSolution
		{F2191B1F-5E76-4582-A644-FB1A0DF5945E}.Debug|Any CPU.ActiveCfg = Debug|Any CPU
		{F2191B1F-5E76-4582-A644-FB1A0DF5945E}.Debug|Any CPU.Build.0 = Debug|Any CPU
		{F2191B1F-5E76-4582-A644-FB1A0DF5945E}.Release|Any CPU.ActiveCfg = Release|Any CPU
		{F2191B1F-5E76-4582-A644-FB1A0DF5945E}.Release|Any CPU.Build.0 = Release|Any CPU
		{45B348B7-5EB5-49DF-A768-E1A0E592D62C}.Debug|Any CPU.ActiveCfg = Debug|Any CPU
		{45B348B7-5EB5-49DF-A768-E1A0E592D62C}.Debug|Any CPU.Build.0 = Debug|Any CPU
		{45B348B7-5EB5-49DF-A768-E1A0E592D62C}.Release|Any CPU.ActiveCfg = Release|Any CPU
		{45B348B7-5EB5-49DF-A768-E1A0E592D62C}.Release|Any CPU.Build.0 = Release|Any CPU
	EndGlobalSection
	GlobalSection(SolutionProperties) = preSolution
		HideSolutionNode = FALSE
	EndGlobalSection
EndGlobal
